
Microsoft Visual Studio Solution File, Format Version 12.00
# Visual Studio Version 17
VisualStudioVersion = 17.4.33213.308
MinimumVisualStudioVersion = 10.0.40219.1
Project("{FAE04EC0-301F-11D3-BF4B-00C04F79EFBC}") = "Matchgame", "Matchgame\Matchgame.csproj", "{94E44943-32F6-4D6C-95D0-AC2F575D0911}"
EndProject
Global
	GlobalSection(SolutionConfigurationPlatforms) = preSolution
		Debug|Any CPU = Debug|Any CPU
		Release|Any CPU = Release|Any CPU
	EndGlobalSection
	GlobalSection(ProjectConfigurationPlatforms) = postSolution
		{94E44943-32F6-4D6C-95D0-AC2F575D0911}.Debug|Any CPU.ActiveCfg = Debug|Any CPU
		{94E44943-32F6-4D6C-95D0-AC2F575D0911}.Debug|Any CPU.Build.0 = Debug|Any CPU
		{94E44943-32F6-4D6C-95D0-AC2F575D0911}.Release|Any CPU.ActiveCfg = Release|Any CPU
		{94E44943-32F6-4D6C-95D0-AC2F575D0911}.Release|Any CPU.Build.0 = Release|Any CPU
	EndGlobalSection
	GlobalSection(SolutionProperties) = preSolution
		HideSolutionNode = FALSE
	EndGlobalSection
	GlobalSection(ExtensibilityGlobals) = postSolution
		SolutionGuid = {992CD3A5-5DAA-48FF-B5FE-82AB7C618579}
	EndGlobalSection
EndGlobal
